
Microsoft Visual Studio Solution File, Format Version 12.00
# Visual Studio Version 17
VisualStudioVersion = 17.4.33122.133
MinimumVisualStudioVersion = 10.0.40219.1
Project("{FAE04EC0-301F-11D3-BF4B-00C04F79EFBC}") = "Anyar", "Anyar\Anyar.csproj", "{C052DB34-FCF3-4F1A-987B-8705182E4D20}"
EndProject
Global
	GlobalSection(SolutionConfigurationPlatforms) = preSolution
		Debug|Any CPU = Debug|Any CPU
		Release|Any CPU = Release|Any CPU
	EndGlobalSection
	GlobalSection(ProjectConfigurationPlatforms) = postSolution
		{C052DB34-FCF3-4F1A-987B-8705182E4D20}.Debug|Any CPU.ActiveCfg = Debug|Any CPU
		{C052DB34-FCF3-4F1A-987B-8705182E4D20}.Debug|Any CPU.Build.0 = Debug|Any CPU
		{C052DB34-FCF3-4F1A-987B-8705182E4D20}.Release|Any CPU.ActiveCfg = Release|Any CPU
		{C052DB34-FCF3-4F1A-987B-8705182E4D20}.Release|Any CPU.Build.0 = Release|Any CPU
	EndGlobalSection
	GlobalSection(SolutionProperties) = preSolution
		HideSolutionNode = FALSE
	EndGlobalSection
	GlobalSection(ExtensibilityGlobals) = postSolution
		SolutionGuid = {58215EE1-2CFF-422A-B679-2341AA1D8855}
	EndGlobalSection
EndGlobal
